{
  "nodes": {
    "boost-pretty-printers": {
      "flake": false,
      "locked": {
        "lastModified": 1596186946,
        "narHash": "sha256-I2NM564Rm0isFHq3qeDNa1kDb747k5eOflveSuIDFmo=",
        "owner": "ruediger",
        "repo": "Boost-Pretty-Printer",
        "rev": "60da4b46b0fe8812fcc3e407ac2fbbfb50c3af88",
        "type": "github"
      },
      "original": {
        "owner": "ruediger",
        "repo": "Boost-Pretty-Printer",
        "type": "github"
      }
    },
    "eigen-pretty-printers": {
      "flake": false,
      "locked": {
        "lastModified": 1708472668,
        "narHash": "sha256-oHH8NorJ+k5v/8FwM4j9SwqVLhggxKEDOsrbwm3v17Y=",
        "ref": "refs/heads/master",
        "rev": "3859e8d5b23b65102aa9e0d0819cc6bf7cf7b469",
        "revCount": 12372,
        "type": "git",
        "url": "https://gitlab.com/libeigen/eigen.git"
      },
      "original": {
        "type": "git",
        "url": "https://gitlab.com/libeigen/eigen.git"
      }
    },
    "home-manager": {
      "inputs": {
        "nixpkgs": [
          "nixpkgs"
        ]
      },
      "locked": {
        "lastModified": 1708591310,
        "narHash": "sha256-8mQGVs8JccWTnORgoLOTh9zvf6Np+x2JzhIc+LDcJ9s=",
        "owner": "nix-community",
        "repo": "home-manager",
        "rev": "0e0e9669547e45ea6cca2de4044c1a384fd0fe55",
        "type": "github"
      },
      "original": {
        "owner": "nix-community",
        "repo": "home-manager",
        "type": "github"
      }
    },
    "nixos-hardware": {
      "locked": {
        "lastModified": 1708594753,
        "narHash": "sha256-c/gH7iXS/IYH9NrFOT+aJqTq+iEBkvAkpWuUHGU3+f0=",
        "owner": "NixOS",
        "repo": "nixos-hardware",
        "rev": "3f7d0bca003eac1a1a7f4659bbab9c8f8c2a0958",
        "type": "github"
      },
      "original": {
        "owner": "NixOS",
        "ref": "master",
        "repo": "nixos-hardware",
        "type": "github"
      }
    },
    "nixpkgs": {
      "locked": {
        "lastModified": 1708440434,
        "narHash": "sha256-XY+B9mbhL/i+Q6fP6gBQ6P76rv9rWtpjQiUJ+DGtaUg=",
        "owner": "nixos",
        "repo": "nixpkgs",
        "rev": "526d051b128b82ae045a70e5ff1adf8e6dafa560",
        "type": "github"
      },
      "original": {
        "owner": "nixos",
        "ref": "nixos-23.11",
        "repo": "nixpkgs",
        "type": "github"
      }
    },
    "root": {
      "inputs": {
        "boost-pretty-printers": "boost-pretty-printers",
        "eigen-pretty-printers": "eigen-pretty-printers",
        "home-manager": "home-manager",
        "nixos-hardware": "nixos-hardware",
        "nixpkgs": "nixpkgs",
        "stdlib-pretty-printers": "stdlib-pretty-printers"
      }
    },
    "stdlib-pretty-printers": {
      "flake": false,
      "locked": {
        "lastModified": 1708626722,
        "narHash": "sha256-dO99ZbEebFxtlm7yKgc5VIK/E9LYgPHz2URNWsSgDDs=",
        "ref": "refs/heads/master",
        "rev": "37127ed975e09813eaa2d1cf1062055fce45dd16",
        "revCount": 209068,
        "type": "git",
        "url": "https://gcc.gnu.org/git/gcc.git"
      },
      "original": {
        "type": "git",
        "url": "https://gcc.gnu.org/git/gcc.git"
      }
    }
  },
  "root": "root",
  "version": 7
}
